<?xml version="1.0" encoding="utf-8"?>
<Project ToolsVersion="4.0" xmlns="http://schemas.microsoft.com/developer/msbuild/2003">
  <ItemGroup>
    <Filter Include="win32">
      <UniqueIdentifier>{84a8ebd7-7cf0-47f6-b75e-d441df67da40}</UniqueIdentifier>
    </Filter>
    <Filter Include="Classes">
      <UniqueIdentifier>{bb6c862e-70e9-49d9-81b7-3829a6f50471}</UniqueIdentifier>
    </Filter>
    <Filter Include="resource">
      <UniqueIdentifier>{715254bc-d70b-4ec5-bf29-467dd3ace079}</UniqueIdentifier>
    </Filter>
    <Filter Include="Classes\Game">
      <UniqueIdentifier>{fe113386-5beb-4318-b43b-81976da80dd0}</UniqueIdentifier>
    </Filter>
    <Filter Include="Classes\Utility">
      <UniqueIdentifier>{6ba82e9d-a83d-4976-9125-c2425965b049}</UniqueIdentifier>
    </Filter>
    <Filter Include="Classes\Utility\SceneSupport">
      <UniqueIdentifier>{530ea64b-3afa-45e1-99c0-4bfd9ffce493}</UniqueIdentifier>
    </Filter>
    <Filter Include="Classes\Game\Scene">
      <UniqueIdentifier>{50a17f37-1132-4639-9237-6874122d7085}</UniqueIdentifier>
    </Filter>
    <Filter Include="Classes\Game\Scene\Title">
      <UniqueIdentifier>{5f60036e-313e-46b8-a8de-ed370d6cfed9}</UniqueIdentifier>
    </Filter>
    <Filter Include="Classes\Game\Scene\GameMain">
      <UniqueIdentifier>{885069f0-b622-4270-8d37-a33bd7ab15fe}</UniqueIdentifier>
    </Filter>
    <Filter Include="Classes\Utility\Timer">
      <UniqueIdentifier>{73f4a935-317c-4afe-a466-12701515ccec}</UniqueIdentifier>
    </Filter>
    <Filter Include="Classes\Utility\Action">
      <UniqueIdentifier>{00adc7fa-e856-43c4-9158-bfe267c3054a}</UniqueIdentifier>
    </Filter>
    <Filter Include="Classes\Utility\Action\Follow">
      <UniqueIdentifier>{26b3ace4-0c16-444f-b72d-5ad40525e8a2}</UniqueIdentifier>
    </Filter>
    <Filter Include="Classes\Game\Object">
      <UniqueIdentifier>{c73e8d46-36fd-413b-9695-9b3715d07b61}</UniqueIdentifier>
    </Filter>
    <Filter Include="Classes\Utility\cocosAssistant">
      <UniqueIdentifier>{927387d7-63a8-408c-b71e-f5783ac2b970}</UniqueIdentifier>
    </Filter>
    <Filter Include="Classes\Game\Object\StageObject">
      <UniqueIdentifier>{88269678-5e51-4dde-b511-305aa05024a3}</UniqueIdentifier>
    </Filter>
    <Filter Include="Classes\Game\Object\StageObject\StageMap">
      <UniqueIdentifier>{310a1650-f817-4a0c-b26e-24028255b6fa}</UniqueIdentifier>
    </Filter>
    <Filter Include="Classes\Utility\FileIO">
      <UniqueIdentifier>{2037a23a-72de-4f2a-bd32-82222f727e72}</UniqueIdentifier>
    </Filter>
    <Filter Include="Classes\Game\Scene\GameMain\Sequence">
      <UniqueIdentifier>{afb16974-e56b-4836-a5cf-fd19f55c88be}</UniqueIdentifier>
    </Filter>
    <Filter Include="Classes\Game\Scene\GameMain\Sequence\Phase">
      <UniqueIdentifier>{dc3fd393-777d-4574-acdf-a23da4ae5b7b}</UniqueIdentifier>
    </Filter>
    <Filter Include="Classes\Game\Scene\GameMain\Sequence\Batttel">
      <UniqueIdentifier>{b6b8881a-3a12-4df4-ae03-e579a65a16ea}</UniqueIdentifier>
    </Filter>
    <Filter Include="Classes\Game\Scene\GameMain\Sequence\End">
      <UniqueIdentifier>{247671d3-bbd0-4bfc-8c87-82172d437345}</UniqueIdentifier>
    </Filter>
    <Filter Include="Classes\Game\Scene\GameMain\Sequence\Etc">
      <UniqueIdentifier>{6bc38a5f-16d0-471e-b200-e38fce52e9de}</UniqueIdentifier>
    </Filter>
    <Filter Include="Classes\Game\Scene\GameMain\Sequence\Operation">
      <UniqueIdentifier>{62a95871-003c-47dd-9127-cc7b486fd048}</UniqueIdentifier>
    </Filter>
    <Filter Include="Classes\Game\Chara">
      <UniqueIdentifier>{03d3c9fa-1b2c-4d0a-9572-941a1f3df967}</UniqueIdentifier>
    </Filter>
    <Filter Include="Classes\Game\Layer">
      <UniqueIdentifier>{8361cd10-e1d5-4e1b-89cd-2b9159e284e0}</UniqueIdentifier>
    </Filter>
    <Filter Include="Classes\Game\Test">
      <UniqueIdentifier>{7bd443a7-8c7d-4515-a796-cfa6640ce38d}</UniqueIdentifier>
    </Filter>
    <Filter Include="Classes\Game\Object\StageObject\StageMap\ColorChange">
      <UniqueIdentifier>{bda0c927-25d2-44c3-ae44-a0e06dd867b2}</UniqueIdentifier>
    </Filter>
  </ItemGroup>
  <ItemGroup>
    <ClCompile Include="main.cpp">
      <Filter>win32</Filter>
    </ClCompile>
    <ClCompile Include="..\Classes\AppDelegate.cpp">
      <Filter>Classes</Filter>
    </ClCompile>
    <ClCompile Include="..\Classes\HelloWorldScene.cpp">
      <Filter>Classes</Filter>
    </ClCompile>
    <ClCompile Include="..\Classes\Game\Scene\GameMain\GameMainScene.cpp">
      <Filter>Classes\Game\Scene\GameMain</Filter>
    </ClCompile>
    <ClCompile Include="..\Classes\Game\Scene\GameMain\GameMainState.cpp">
      <Filter>Classes\Game\Scene\GameMain</Filter>
    </ClCompile>
    <ClCompile Include="..\Classes\Utility\Action\Follow\CustomFollow.cpp">
      <Filter>Classes\Utility\Action\Follow</Filter>
    </ClCompile>
    <ClCompile Include="..\Classes\Utility\cocosAssistant\ListenerAssistant.cpp">
      <Filter>Classes\Utility\cocosAssistant</Filter>
    </ClCompile>
    <ClCompile Include="..\Classes\Utility\cocosAssistant\SpriteCreator.cpp">
      <Filter>Classes\Utility\cocosAssistant</Filter>
    </ClCompile>
    <ClCompile Include="..\Classes\Utility\FileIO\PlistReader.cpp">
      <Filter>Classes\Utility\FileIO</Filter>
    </ClCompile>
    <ClCompile Include="..\Classes\Utility\SceneSupport\IScene.cpp">
      <Filter>Classes\Utility\SceneSupport</Filter>
    </ClCompile>
    <ClCompile Include="..\Classes\Utility\SceneSupport\SceneCreator.cpp">
      <Filter>Classes\Utility\SceneSupport</Filter>
    </ClCompile>
    <ClCompile Include="..\Classes\Utility\Timer\Timer.cpp">
      <Filter>Classes\Utility\Timer</Filter>
    </ClCompile>
    <ClCompile Include="..\Classes\Game\Object\StageObject\StageMap\StageDataReader.cpp">
      <Filter>Classes\Game\Object\StageObject\StageMap</Filter>
    </ClCompile>
    <ClCompile Include="..\Classes\Game\Object\StageObject\StageMap\StageFactory.cpp">
      <Filter>Classes\Game\Object\StageObject\StageMap</Filter>
    </ClCompile>
    <ClCompile Include="..\Classes\Game\Object\StageObject\StageMap\StageManager.cpp">
      <Filter>Classes\Game\Object\StageObject\StageMap</Filter>
    </ClCompile>
    <ClCompile Include="..\Classes\Game\Object\StageObject\StageMap\StageMapDataReader.cpp">
      <Filter>Classes\Game\Object\StageObject\StageMap</Filter>
    </ClCompile>
    <ClCompile Include="..\Classes\Game\Object\StageObject\StageMap\StagePanel.cpp">
      <Filter>Classes\Game\Object\StageObject\StageMap</Filter>
    </ClCompile>
    <ClCompile Include="..\Classes\Utility\SceneSupport\FadeScene.cpp">
      <Filter>Classes\Utility\SceneSupport</Filter>
    </ClCompile>
    <ClCompile Include="..\Classes\Utility\FileIO\CharaReader.cpp">
      <Filter>Classes\Utility\FileIO</Filter>
    </ClCompile>
    <ClCompile Include="StandbyPhase.cpp">
      <Filter>Classes\Game\Scene\GameMain\Sequence\Phase</Filter>
    </ClCompile>
    <ClCompile Include="BattleSequence.cpp">
      <Filter>Classes\Game\Scene\GameMain\Sequence\Batttel</Filter>
    </ClCompile>
    <ClCompile Include="EndSequence.cpp">
      <Filter>Classes\Game\Scene\GameMain\Sequence\End</Filter>
    </ClCompile>
    <ClCompile Include="SequenceManager.cpp">
      <Filter>Classes\Game\Scene\GameMain\Sequence\Etc</Filter>
    </ClCompile>
    <ClCompile Include="MainPhase.cpp">
      <Filter>Classes\Game\Scene\GameMain\Sequence\Phase</Filter>
    </ClCompile>
    <ClCompile Include="OperationSequence.cpp">
      <Filter>Classes\Game\Scene\GameMain\Sequence\Operation</Filter>
    </ClCompile>
    <ClCompile Include="..\Classes\Game\Character\Character.cpp">
      <Filter>Classes\Game\Chara</Filter>
    </ClCompile>
    <ClCompile Include="..\Classes\Game\Character\CharacterFactory.cpp">
      <Filter>Classes\Game\Chara</Filter>
    </ClCompile>
    <ClCompile Include="..\Classes\Game\Character\CharacterManager.cpp">
      <Filter>Classes\Game\Chara</Filter>
    </ClCompile>
    <ClCompile Include="..\Classes\Game\Character\CharacterPanel.cpp">
      <Filter>Classes\Game\Chara</Filter>
    </ClCompile>
    <ClCompile Include="..\Classes\Game\Character\HP.cpp">
      <Filter>Classes\Game\Chara</Filter>
    </ClCompile>
    <ClCompile Include="..\Classes\Game\Character\PlayerDeck.cpp">
      <Filter>Classes\Game\Chara</Filter>
    </ClCompile>
    <ClCompile Include="..\Classes\Game\Character\SampleKamata.cpp">
      <Filter>Classes\Game\Chara</Filter>
    </ClCompile>
    <ClCompile Include="..\Classes\Game\Layer\UILayer.cpp">
      <Filter>Classes\Game\Layer</Filter>
    </ClCompile>
    <ClCompile Include="..\Classes\Game\Test\SampleHashigo.cpp">
      <Filter>Classes\Game\Test</Filter>
    </ClCompile>
    <ClCompile Include="..\Classes\Game\Test\SamplePanel.cpp">
      <Filter>Classes\Game\Test</Filter>
    </ClCompile>
    <ClCompile Include="..\Classes\Game\Test\TestScene.cpp">
      <Filter>Classes\Game\Test</Filter>
    </ClCompile>
    <ClCompile Include="..\Classes\Game\Object\StageObject\StageMap\BlockDataReader.cpp">
      <Filter>Classes\Game\Object\StageObject\StageMap</Filter>
    </ClCompile>
    <ClCompile Include="..\Classes\Game\Object\StageObject\StageMap\BlockFactory.cpp">
      <Filter>Classes\Game\Object\StageObject\StageMap</Filter>
    </ClCompile>
    <ClCompile Include="..\Classes\Game\Object\StageObject\StageMap\BlockManager.cpp">
      <Filter>Classes\Game\Object\StageObject\StageMap</Filter>
    </ClCompile>
    <ClCompile Include="..\Classes\Game\Object\StageObject\StageMap\GoalBlock.cpp">
      <Filter>Classes\Game\Object\StageObject\StageMap</Filter>
    </ClCompile>
    <ClCompile Include="..\Classes\Game\Object\StageObject\StageMap\IPanel.cpp">
      <Filter>Classes\Game\Object\StageObject\StageMap</Filter>
    </ClCompile>
    <ClCompile Include="..\Classes\Game\Object\StageObject\StageMap\NormalBlock.cpp">
      <Filter>Classes\Game\Object\StageObject\StageMap</Filter>
    </ClCompile>
    <ClCompile Include="..\Classes\Game\Object\StageObject\StageMap\RedBlock.cpp">
      <Filter>Classes\Game\Object\StageObject\StageMap</Filter>
    </ClCompile>
    <ClCompile Include="..\Classes\Game\Object\StageObject\StageMap\StageMapFactory.cpp">
      <Filter>Classes\Game\Object\StageObject\StageMap</Filter>
    </ClCompile>
    <ClCompile Include="..\Classes\Game\Object\StageObject\StageMap\StageMapManager.cpp">
      <Filter>Classes\Game\Object\StageObject\StageMap</Filter>
    </ClCompile>
    <ClCompile Include="..\Classes\Game\Object\StageObject\StageMap\ColorChange\ColorChange.cpp">
      <Filter>Classes\Game\Object\StageObject\StageMap\ColorChange</Filter>
    </ClCompile>
  </ItemGroup>
  <ItemGroup>
    <ClInclude Include="main.h">
      <Filter>win32</Filter>
    </ClInclude>
    <ClInclude Include="..\Classes\AppDelegate.h">
      <Filter>Classes</Filter>
    </ClInclude>
    <ClInclude Include="..\Classes\HelloWorldScene.h">
      <Filter>Classes</Filter>
    </ClInclude>
    <ClInclude Include="..\Classes\Game\Object\StageObject\ObjectType.h">
      <Filter>Classes\Game\Object\StageObject</Filter>
    </ClInclude>
    <ClInclude Include="..\Classes\Game\Object\StageObject\StageObj.h">
      <Filter>Classes\Game\Object\StageObject</Filter>
    </ClInclude>
    <ClInclude Include="..\Classes\Game\Scene\GameMain\GameMainScene.h">
      <Filter>Classes\Game\Scene\GameMain</Filter>
    </ClInclude>
    <ClInclude Include="..\Classes\Game\Scene\GameMain\GameMainState.h">
      <Filter>Classes\Game\Scene\GameMain</Filter>
    </ClInclude>
    <ClInclude Include="..\Classes\Utility\Action\Follow\CustomFollow.h">
      <Filter>Classes\Utility\Action\Follow</Filter>
    </ClInclude>
    <ClInclude Include="..\Classes\Utility\cocosAssistant\ListenerAssistant.h">
      <Filter>Classes\Utility\cocosAssistant</Filter>
    </ClInclude>
    <ClInclude Include="..\Classes\Utility\cocosAssistant\SpriteCreator.h">
      <Filter>Classes\Utility\cocosAssistant</Filter>
    </ClInclude>
    <ClInclude Include="..\Classes\Utility\FileIO\PlistReader.h">
      <Filter>Classes\Utility\FileIO</Filter>
    </ClInclude>
    <ClInclude Include="..\Classes\Utility\SceneSupport\IScene.h">
      <Filter>Classes\Utility\SceneSupport</Filter>
    </ClInclude>
    <ClInclude Include="..\Classes\Utility\SceneSupport\SceneCreator.h">
      <Filter>Classes\Utility\SceneSupport</Filter>
    </ClInclude>
    <ClInclude Include="..\Classes\Utility\Timer\Timer.h">
      <Filter>Classes\Utility\Timer</Filter>
    </ClInclude>
    <ClInclude Include="..\Classes\Game\Object\StageObject\StageMap\StageDataReader.h">
      <Filter>Classes\Game\Object\StageObject\StageMap</Filter>
    </ClInclude>
    <ClInclude Include="..\Classes\Game\Object\StageObject\StageMap\StageFactory.h">
      <Filter>Classes\Game\Object\StageObject\StageMap</Filter>
    </ClInclude>
    <ClInclude Include="..\Classes\Game\Object\StageObject\StageMap\StageManager.h">
      <Filter>Classes\Game\Object\StageObject\StageMap</Filter>
    </ClInclude>
    <ClInclude Include="..\Classes\Game\Object\StageObject\StageMap\StageMapData.h">
      <Filter>Classes\Game\Object\StageObject\StageMap</Filter>
    </ClInclude>
    <ClInclude Include="..\Classes\Game\Object\StageObject\StageMap\StageMapDataReader.h">
      <Filter>Classes\Game\Object\StageObject\StageMap</Filter>
    </ClInclude>
    <ClInclude Include="..\Classes\Game\Object\StageObject\StageMap\StagePanel.h">
      <Filter>Classes\Game\Object\StageObject\StageMap</Filter>
    </ClInclude>
    <ClInclude Include="..\Classes\Utility\SceneSupport\FadeScene.h">
      <Filter>Classes\Utility\SceneSupport</Filter>
    </ClInclude>
    <ClInclude Include="..\Classes\Utility\FileIO\CharaData.h">
      <Filter>Classes\Utility\FileIO</Filter>
    </ClInclude>
    <ClInclude Include="..\Classes\Utility\FileIO\CharaReader.h">
      <Filter>Classes\Utility\FileIO</Filter>
    </ClInclude>
    <ClInclude Include="StandbyPhase.h">
      <Filter>Classes\Game\Scene\GameMain\Sequence\Phase</Filter>
    </ClInclude>
    <ClInclude Include="BattleSequence.h">
      <Filter>Classes\Game\Scene\GameMain\Sequence\Batttel</Filter>
    </ClInclude>
    <ClInclude Include="EndSequence.h">
      <Filter>Classes\Game\Scene\GameMain\Sequence\End</Filter>
    </ClInclude>
    <ClInclude Include="ISequence.h">
      <Filter>Classes\Game\Scene\GameMain\Sequence\Etc</Filter>
    </ClInclude>
    <ClInclude Include="SequenceManager.h">
      <Filter>Classes\Game\Scene\GameMain\Sequence\Etc</Filter>
    </ClInclude>
    <ClInclude Include="MainPhase.h">
      <Filter>Classes\Game\Scene\GameMain\Sequence\Phase</Filter>
    </ClInclude>
    <ClInclude Include="OperationSequence.h">
      <Filter>Classes\Game\Scene\GameMain\Sequence\Operation</Filter>
    </ClInclude>
    <ClInclude Include="..\Classes\Game\Character\Character.h">
      <Filter>Classes\Game\Chara</Filter>
    </ClInclude>
    <ClInclude Include="..\Classes\Game\Character\CharacterFactory.h">
      <Filter>Classes\Game\Chara</Filter>
    </ClInclude>
    <ClInclude Include="..\Classes\Game\Character\CharacterManager.h">
      <Filter>Classes\Game\Chara</Filter>
    </ClInclude>
    <ClInclude Include="..\Classes\Game\Character\CharacterPanel.h">
      <Filter>Classes\Game\Chara</Filter>
    </ClInclude>
    <ClInclude Include="..\Classes\Game\Character\CharacterParameter.h">
      <Filter>Classes\Game\Chara</Filter>
    </ClInclude>
    <ClInclude Include="..\Classes\Game\Character\CharacterType.h">
      <Filter>Classes\Game\Chara</Filter>
    </ClInclude>
    <ClInclude Include="..\Classes\Game\Character\HP.h">
      <Filter>Classes\Game\Chara</Filter>
    </ClInclude>
    <ClInclude Include="..\Classes\Game\Character\PlayerDeck.h">
      <Filter>Classes\Game\Chara</Filter>
    </ClInclude>
    <ClInclude Include="..\Classes\Game\Character\SampleKamata.h">
      <Filter>Classes\Game\Chara</Filter>
    </ClInclude>
    <ClInclude Include="..\Classes\Game\Layer\UILayer.h">
      <Filter>Classes\Game\Layer</Filter>
    </ClInclude>
    <ClInclude Include="..\Classes\Game\Test\SampleHashigo.h">
      <Filter>Classes\Game\Test</Filter>
    </ClInclude>
    <ClInclude Include="..\Classes\Game\Test\SamplePanel.h">
      <Filter>Classes\Game\Test</Filter>
    </ClInclude>
    <ClInclude Include="..\Classes\Game\Test\TestScene.h">
      <Filter>Classes\Game\Test</Filter>
    </ClInclude>
    <ClInclude Include="..\Classes\Game\Object\StageObject\StageMap\BlockData.h">
      <Filter>Classes\Game\Object\StageObject\StageMap</Filter>
    </ClInclude>
    <ClInclude Include="..\Classes\Game\Object\StageObject\StageMap\BlockDataReader.h">
      <Filter>Classes\Game\Object\StageObject\StageMap</Filter>
    </ClInclude>
    <ClInclude Include="..\Classes\Game\Object\StageObject\StageMap\BlockFactory.h">
      <Filter>Classes\Game\Object\StageObject\StageMap</Filter>
    </ClInclude>
    <ClInclude Include="..\Classes\Game\Object\StageObject\StageMap\BlockManager.h">
      <Filter>Classes\Game\Object\StageObject\StageMap</Filter>
    </ClInclude>
    <ClInclude Include="..\Classes\Game\Object\StageObject\StageMap\GoalBlock.h">
      <Filter>Classes\Game\Object\StageObject\StageMap</Filter>
    </ClInclude>
    <ClInclude Include="..\Classes\Game\Object\StageObject\StageMap\IPanel.h">
      <Filter>Classes\Game\Object\StageObject\StageMap</Filter>
    </ClInclude>
    <ClInclude Include="..\Classes\Game\Object\StageObject\StageMap\NormalBlock.h">
      <Filter>Classes\Game\Object\StageObject\StageMap</Filter>
    </ClInclude>
    <ClInclude Include="..\Classes\Game\Object\StageObject\StageMap\Panel.h">
      <Filter>Classes\Game\Object\StageObject\StageMap</Filter>
    </ClInclude>
    <ClInclude Include="..\Classes\Game\Object\StageObject\StageMap\PanelData.h">
      <Filter>Classes\Game\Object\StageObject\StageMap</Filter>
    </ClInclude>
    <ClInclude Include="..\Classes\Game\Object\StageObject\StageMap\RedBlock.h">
      <Filter>Classes\Game\Object\StageObject\StageMap</Filter>
    </ClInclude>
    <ClInclude Include="..\Classes\Game\Object\StageObject\StageMap\StageMapFactory.h">
      <Filter>Classes\Game\Object\StageObject\StageMap</Filter>
    </ClInclude>
    <ClInclude Include="..\Classes\Game\Object\StageObject\StageMap\StageMapManager.h">
      <Filter>Classes\Game\Object\StageObject\StageMap</Filter>
    </ClInclude>
    <ClInclude Include="..\Classes\Game\Object\StageObject\StageMap\ColorChange\ColorChange.h">
      <Filter>Classes\Game\Object\StageObject\StageMap\ColorChange</Filter>
    </ClInclude>
  </ItemGroup>
  <ItemGroup>
    <ResourceCompile Include="game.rc">
      <Filter>resource</Filter>
    </ResourceCompile>
  </ItemGroup>
</Project>